
Microsoft Visual Studio Solution File, Format Version 12.00
# Visual Studio Version 17
VisualStudioVersion = 17.7.34031.279
MinimumVisualStudioVersion = 10.0.40219.1
Project("{FAE04EC0-301F-11D3-BF4B-00C04F79EFBC}") = "MVCTip-11class", "MVCTip-11class\MVCTip-11class.csproj", "{BB504DB1-40CF-405A-A160-C1D5A6AB4E90}"
EndProject
Global
	GlobalSection(SolutionConfigurationPlatforms) = preSolution
		Debug|Any CPU = Debug|Any CPU
		Release|Any CPU = Release|Any CPU
	EndGlobalSection
	GlobalSection(ProjectConfigurationPlatforms) = postSolution
		{BB504DB1-40CF-405A-A160-C1D5A6AB4E90}.Debug|Any CPU.ActiveCfg = Debug|Any CPU
		{BB504DB1-40CF-405A-A160-C1D5A6AB4E90}.Debug|Any CPU.Build.0 = Debug|Any CPU
		{BB504DB1-40CF-405A-A160-C1D5A6AB4E90}.Release|Any CPU.ActiveCfg = Release|Any CPU
		{BB504DB1-40CF-405A-A160-C1D5A6AB4E90}.Release|Any CPU.Build.0 = Release|Any CPU
	EndGlobalSection
	GlobalSection(SolutionProperties) = preSolution
		HideSolutionNode = FALSE
	EndGlobalSection
	GlobalSection(ExtensibilityGlobals) = postSolution
		SolutionGuid = {CE072592-11B1-4B00-BD48-3CEA720DC054}
	EndGlobalSection
EndGlobal
